// !$*UTF8*$!
{
	archiveVersion = 1;
	classes = {
	};
	objectVersion = 50;
	objects = {

/* Begin PBXBuildFile section */
		A2B94DEB26255A010065CE0E /* UserAPI.swift in Sources */ = {isa = PBXBuildFile; fileRef = A2B94DEA26255A010065CE0E /* UserAPI.swift */; };
		A2B94DF12626AB950065CE0E /* UserStore.swift in Sources */ = {isa = PBXBuildFile; fileRef = A2B94DF02626AB950065CE0E /* UserStore.swift */; };
		A2B94DFA2626C6E20065CE0E /* UserObject.swift in Sources */ = {isa = PBXBuildFile; fileRef = A2B94DF92626C6E20065CE0E /* UserObject.swift */; };
		A2FEDE062622DA9E00457C21 /* AppDelegate.swift in Sources */ = {isa = PBXBuildFile; fileRef = A2FEDE052622DA9E00457C21 /* AppDelegate.swift */; };
		A2FEDE082622DA9E00457C21 /* SceneDelegate.swift in Sources */ = {isa = PBXBuildFile; fileRef = A2FEDE072622DA9E00457C21 /* SceneDelegate.swift */; };
		A2FEDE0A2622DA9E00457C21 /* ViewController.swift in Sources */ = {isa = PBXBuildFile; fileRef = A2FEDE092622DA9E00457C21 /* ViewController.swift */; };
		A2FEDE0D2622DA9E00457C21 /* Main.storyboard in Resources */ = {isa = PBXBuildFile; fileRef = A2FEDE0B2622DA9E00457C21 /* Main.storyboard */; };
		A2FEDE0F2622DA9F00457C21 /* Assets.xcassets in Resources */ = {isa = PBXBuildFile; fileRef = A2FEDE0E2622DA9F00457C21 /* Assets.xcassets */; };
		A2FEDE122622DA9F00457C21 /* LaunchScreen.storyboard in Resources */ = {isa = PBXBuildFile; fileRef = A2FEDE102622DA9F00457C21 /* LaunchScreen.storyboard */; };
		A2FEDE1D2622DA9F00457C21 /* LocalGuideiOSTests.swift in Sources */ = {isa = PBXBuildFile; fileRef = A2FEDE1C2622DA9F00457C21 /* LocalGuideiOSTests.swift */; };
		A2FEDE282622DA9F00457C21 /* LocalGuideiOSUITests.swift in Sources */ = {isa = PBXBuildFile; fileRef = A2FEDE272622DA9F00457C21 /* LocalGuideiOSUITests.swift */; };
/* End PBXBuildFile section */

/* Begin PBXContainerItemProxy section */
		A2FEDE192622DA9F00457C21 /* PBXContainerItemProxy */ = {
			isa = PBXContainerItemProxy;
			containerPortal = A2FEDDFA2622DA9E00457C21 /* Project object */;
			proxyType = 1;
			remoteGlobalIDString = A2FEDE012622DA9E00457C21;
			remoteInfo = LocalGuideiOS;
		};
		A2FEDE242622DA9F00457C21 /* PBXContainerItemProxy */ = {
			isa = PBXContainerItemProxy;
			containerPortal = A2FEDDFA2622DA9E00457C21 /* Project object */;
			proxyType = 1;
			remoteGlobalIDString = A2FEDE012622DA9E00457C21;
			remoteInfo = LocalGuideiOS;
		};
/* End PBXContainerItemProxy section */

/* Begin PBXFileReference section */
		A2B94DEA26255A010065CE0E /* UserAPI.swift */ = {isa = PBXFileReference; lastKnownFileType = sourcecode.swift; path = UserAPI.swift; sourceTree = "<group>"; };
		A2B94DF02626AB950065CE0E /* UserStore.swift */ = {isa = PBXFileReference; lastKnownFileType = sourcecode.swift; path = UserStore.swift; sourceTree = "<group>"; };
		A2B94DF92626C6E20065CE0E /* UserObject.swift */ = {isa = PBXFileReference; lastKnownFileType = sourcecode.swift; path = UserObject.swift; sourceTree = "<group>"; };
		A2FEDE022622DA9E00457C21 /* LocalGuideiOS.app */ = {isa = PBXFileReference; explicitFileType = wrapper.application; includeInIndex = 0; path = LocalGuideiOS.app; sourceTree = BUILT_PRODUCTS_DIR; };
		A2FEDE052622DA9E00457C21 /* AppDelegate.swift */ = {isa = PBXFileReference; lastKnownFileType = sourcecode.swift; path = AppDelegate.swift; sourceTree = "<group>"; };
		A2FEDE072622DA9E00457C21 /* SceneDelegate.swift */ = {isa = PBXFileReference; lastKnownFileType = sourcecode.swift; path = SceneDelegate.swift; sourceTree = "<group>"; };
		A2FEDE092622DA9E00457C21 /* ViewController.swift */ = {isa = PBXFileReference; lastKnownFileType = sourcecode.swift; path = ViewController.swift; sourceTree = "<group>"; };
		A2FEDE0C2622DA9E00457C21 /* Base */ = {isa = PBXFileReference; lastKnownFileType = file.storyboard; name = Base; path = Base.lproj/Main.storyboard; sourceTree = "<group>"; };
		A2FEDE0E2622DA9F00457C21 /* Assets.xcassets */ = {isa = PBXFileReference; lastKnownFileType = folder.assetcatalog; path = Assets.xcassets; sourceTree = "<group>"; };
		A2FEDE112622DA9F00457C21 /* Base */ = {isa = PBXFileReference; lastKnownFileType = file.storyboard; name = Base; path = Base.lproj/LaunchScreen.storyboard; sourceTree = "<group>"; };
		A2FEDE132622DA9F00457C21 /* Info.plist */ = {isa = PBXFileReference; lastKnownFileType = text.plist.xml; path = Info.plist; sourceTree = "<group>"; };
		A2FEDE182622DA9F00457C21 /* LocalGuideiOSTests.xctest */ = {isa = PBXFileReference; explicitFileType = wrapper.cfbundle; includeInIndex = 0; path = LocalGuideiOSTests.xctest; sourceTree = BUILT_PRODUCTS_DIR; };
		A2FEDE1C2622DA9F00457C21 /* LocalGuideiOSTests.swift */ = {isa = PBXFileReference; lastKnownFileType = sourcecode.swift; path = LocalGuideiOSTests.swift; sourceTree = "<group>"; };
		A2FEDE1E2622DA9F00457C21 /* Info.plist */ = {isa = PBXFileReference; lastKnownFileType = text.plist.xml; path = Info.plist; sourceTree = "<group>"; };
		A2FEDE232622DA9F00457C21 /* LocalGuideiOSUITests.xctest */ = {isa = PBXFileReference; explicitFileType = wrapper.cfbundle; includeInIndex = 0; path = LocalGuideiOSUITests.xctest; sourceTree = BUILT_PRODUCTS_DIR; };
		A2FEDE272622DA9F00457C21 /* LocalGuideiOSUITests.swift */ = {isa = PBXFileReference; lastKnownFileType = sourcecode.swift; path = LocalGuideiOSUITests.swift; sourceTree = "<group>"; };
		A2FEDE292622DA9F00457C21 /* Info.plist */ = {isa = PBXFileReference; lastKnownFileType = text.plist.xml; path = Info.plist; sourceTree = "<group>"; };
/* End PBXFileReference section */

/* Begin PBXFrameworksBuildPhase section */
		A2FEDDFF2622DA9E00457C21 /* Frameworks */ = {
			isa = PBXFrameworksBuildPhase;
			buildActionMask = 2147483647;
			files = (
			);
			runOnlyForDeploymentPostprocessing = 0;
		};
		A2FEDE152622DA9F00457C21 /* Frameworks */ = {
			isa = PBXFrameworksBuildPhase;
			buildActionMask = 2147483647;
			files = (
			);
			runOnlyForDeploymentPostprocessing = 0;
		};
		A2FEDE202622DA9F00457C21 /* Frameworks */ = {
			isa = PBXFrameworksBuildPhase;
			buildActionMask = 2147483647;
			files = (
			);
			runOnlyForDeploymentPostprocessing = 0;
		};
/* End PBXFrameworksBuildPhase section */

/* Begin PBXGroup section */
		A2B94DE9262559E70065CE0E /* API */ = {
			isa = PBXGroup;
			children = (
				A2B94DEA26255A010065CE0E /* UserAPI.swift */,
			);
			path = API;
			sourceTree = "<group>";
		};
		A2B94DEF2626AB7F0065CE0E /* Store */ = {
			isa = PBXGroup;
			children = (
				A2B94DF02626AB950065CE0E /* UserStore.swift */,
			);
			path = Store;
			sourceTree = "<group>";
		};
		A2B94DF82626C6C90065CE0E /* TransferObject */ = {
			isa = PBXGroup;
			children = (
				A2B94DF92626C6E20065CE0E /* UserObject.swift */,
			);
			path = TransferObject;
			sourceTree = "<group>";
		};
		A2FEDDF92622DA9E00457C21 = {
			isa = PBXGroup;
			children = (
				A2FEDE042622DA9E00457C21 /* LocalGuideiOS */,
				A2FEDE1B2622DA9F00457C21 /* LocalGuideiOSTests */,
				A2FEDE262622DA9F00457C21 /* LocalGuideiOSUITests */,
				A2FEDE032622DA9E00457C21 /* Products */,
			);
			sourceTree = "<group>";
		};
		A2FEDE032622DA9E00457C21 /* Products */ = {
			isa = PBXGroup;
			children = (
				A2FEDE022622DA9E00457C21 /* LocalGuideiOS.app */,
				A2FEDE182622DA9F00457C21 /* LocalGuideiOSTests.xctest */,
				A2FEDE232622DA9F00457C21 /* LocalGuideiOSUITests.xctest */,
			);
			name = Products;
			sourceTree = "<group>";
		};
		A2FEDE042622DA9E00457C21 /* LocalGuideiOS */ = {
			isa = PBXGroup;
			children = (
				A2B94DF82626C6C90065CE0E /* TransferObject */,
				A2B94DEF2626AB7F0065CE0E /* Store */,
				A2B94DE9262559E70065CE0E /* API */,
				A2FEDE052622DA9E00457C21 /* AppDelegate.swift */,
				A2FEDE072622DA9E00457C21 /* SceneDelegate.swift */,
				A2FEDE092622DA9E00457C21 /* ViewController.swift */,
				A2FEDE0B2622DA9E00457C21 /* Main.storyboard */,
				A2FEDE0E2622DA9F00457C21 /* Assets.xcassets */,
				A2FEDE102622DA9F00457C21 /* LaunchScreen.storyboard */,
				A2FEDE132622DA9F00457C21 /* Info.plist */,
			);
			path = LocalGuideiOS;
			sourceTree = "<group>";
		};
		A2FEDE1B2622DA9F00457C21 /* LocalGuideiOSTests */ = {
			isa = PBXGroup;
			children = (
				A2FEDE1C2622DA9F00457C21 /* LocalGuideiOSTests.swift */,
				A2FEDE1E2622DA9F00457C21 /* Info.plist */,
			);
			path = LocalGuideiOSTests;
			sourceTree = "<group>";
		};
		A2FEDE262622DA9F00457C21 /* LocalGuideiOSUITests */ = {
			isa = PBXGroup;
			children = (
				A2FEDE272622DA9F00457C21 /* LocalGuideiOSUITests.swift */,
				A2FEDE292622DA9F00457C21 /* Info.plist */,
			);
			path = LocalGuideiOSUITests;
			sourceTree = "<group>";
		};
/* End PBXGroup section */

/* Begin PBXNativeTarget section */
		A2FEDE012622DA9E00457C21 /* LocalGuideiOS */ = {
			isa = PBXNativeTarget;
			buildConfigurationList = A2FEDE2C2622DA9F00457C21 /* Build configuration list for PBXNativeTarget "LocalGuideiOS" */;
			buildPhases = (
				A2FEDDFE2622DA9E00457C21 /* Sources */,
				A2FEDDFF2622DA9E00457C21 /* Frameworks */,
				A2FEDE002622DA9E00457C21 /* Resources */,
			);
			buildRules = (
			);
			dependencies = (
			);
			name = LocalGuideiOS;
			productName = LocalGuideiOS;
			productReference = A2FEDE022622DA9E00457C21 /* LocalGuideiOS.app */;
			productType = "com.apple.product-type.application";
		};
		A2FEDE172622DA9F00457C21 /* LocalGuideiOSTests */ = {
			isa = PBXNativeTarget;
			buildConfigurationList = A2FEDE2F2622DA9F00457C21 /* Build configuration list for PBXNativeTarget "LocalGuideiOSTests" */;
			buildPhases = (
				A2FEDE142622DA9F00457C21 /* Sources */,
				A2FEDE152622DA9F00457C21 /* Frameworks */,
				A2FEDE162622DA9F00457C21 /* Resources */,
			);
			buildRules = (
			);
			dependencies = (
				A2FEDE1A2622DA9F00457C21 /* PBXTargetDependency */,
			);
			name = LocalGuideiOSTests;
			productName = LocalGuideiOSTests;
			productReference = A2FEDE182622DA9F00457C21 /* LocalGuideiOSTests.xctest */;
			productType = "com.apple.product-type.bundle.unit-test";
		};
		A2FEDE222622DA9F00457C21 /* LocalGuideiOSUITests */ = {
			isa = PBXNativeTarget;
			buildConfigurationList = A2FEDE322622DA9F00457C21 /* Build configuration list for PBXNativeTarget "LocalGuideiOSUITests" */;
			buildPhases = (
				A2FEDE1F2622DA9F00457C21 /* Sources */,
				A2FEDE202622DA9F00457C21 /* Frameworks */,
				A2FEDE212622DA9F00457C21 /* Resources */,
			);
			buildRules = (
			);
			dependencies = (
				A2FEDE252622DA9F00457C21 /* PBXTargetDependency */,
			);
			name = LocalGuideiOSUITests;
			productName = LocalGuideiOSUITests;
			productReference = A2FEDE232622DA9F00457C21 /* LocalGuideiOSUITests.xctest */;
			productType = "com.apple.product-type.bundle.ui-testing";
		};
/* End PBXNativeTarget section */

/* Begin PBXProject section */
		A2FEDDFA2622DA9E00457C21 /* Project object */ = {
			isa = PBXProject;
			attributes = {
				LastSwiftUpdateCheck = 1230;
				LastUpgradeCheck = 1230;
				TargetAttributes = {
					A2FEDE012622DA9E00457C21 = {
						CreatedOnToolsVersion = 12.3;
					};
					A2FEDE172622DA9F00457C21 = {
						CreatedOnToolsVersion = 12.3;
						TestTargetID = A2FEDE012622DA9E00457C21;
					};
					A2FEDE222622DA9F00457C21 = {
						CreatedOnToolsVersion = 12.3;
						TestTargetID = A2FEDE012622DA9E00457C21;
					};
				};
			};
			buildConfigurationList = A2FEDDFD2622DA9E00457C21 /* Build configuration list for PBXProject "LocalGuideiOS" */;
			compatibilityVersion = "Xcode 9.3";
			developmentRegion = en;
			hasScannedForEncodings = 0;
			knownRegions = (
				en,
				Base,
			);
			mainGroup = A2FEDDF92622DA9E00457C21;
			productRefGroup = A2FEDE032622DA9E00457C21 /* Products */;
			projectDirPath = "";
			projectRoot = "";
			targets = (
				A2FEDE012622DA9E00457C21 /* LocalGuideiOS */,
				A2FEDE172622DA9F00457C21 /* LocalGuideiOSTests */,
				A2FEDE222622DA9F00457C21 /* LocalGuideiOSUITests */,
			);
		};
/* End PBXProject section */

/* Begin PBXResourcesBuildPhase section */
		A2FEDE002622DA9E00457C21 /* Resources */ = {
			isa = PBXResourcesBuildPhase;
			buildActionMask = 2147483647;
			files = (
				A2FEDE122622DA9F00457C21 /* LaunchScreen.storyboard in Resources */,
				A2FEDE0F2622DA9F00457C21 /* Assets.xcassets in Resources */,
				A2FEDE0D2622DA9E00457C21 /* Main.storyboard in Resources */,
			);
			runOnlyForDeploymentPostprocessing = 0;
		};
		A2FEDE162622DA9F00457C21 /* Resources */ = {
			isa = PBXResourcesBuildPhase;
			buildActionMask = 2147483647;
			files = (
			);
			runOnlyForDeploymentPostprocessing = 0;
		};
		A2FEDE212622DA9F00457C21 /* Resources */ = {
			isa = PBXResourcesBuildPhase;
			buildActionMask = 2147483647;
			files = (
			);
			runOnlyForDeploymentPostprocessing = 0;
		};
/* End PBXResourcesBuildPhase section */

/* Begin PBXSourcesBuildPhase section */
		A2FEDDFE2622DA9E00457C21 /* Sources */ = {
			isa = PBXSourcesBuildPhase;
			buildActionMask = 2147483647;
			files = (
				A2FEDE0A2622DA9E00457C21 /* ViewController.swift in Sources */,
				A2B94DF12626AB950065CE0E /* UserStore.swift in Sources */,
				A2B94DEB26255A010065CE0E /* UserAPI.swift in Sources */,
				A2FEDE062622DA9E00457C21 /* AppDelegate.swift in Sources */,
				A2FEDE082622DA9E00457C21 /* SceneDelegate.swift in Sources */,
				A2B94DFA2626C6E20065CE0E /* UserObject.swift in Sources */,
			);
			runOnlyForDeploymentPostprocessing = 0;
		};
		A2FEDE142622DA9F00457C21 /* Sources */ = {
			isa = PBXSourcesBuildPhase;
			buildActionMask = 2147483647;
			files = (
				A2FEDE1D2622DA9F00457C21 /* LocalGuideiOSTests.swift in Sources */,
			);
			runOnlyForDeploymentPostprocessing = 0;
		};
		A2FEDE1F2622DA9F00457C21 /* Sources */ = {
			isa = PBXSourcesBuildPhase;
			buildActionMask = 2147483647;
			files = (
				A2FEDE282622DA9F00457C21 /* LocalGuideiOSUITests.swift in Sources */,
			);
			runOnlyForDeploymentPostprocessing = 0;
		};
/* End PBXSourcesBuildPhase section */

/* Begin PBXTargetDependency section */
		A2FEDE1A2622DA9F00457C21 /* PBXTargetDependency */ = {
			isa = PBXTargetDependency;
			target = A2FEDE012622DA9E00457C21 /* LocalGuideiOS */;
			targetProxy = A2FEDE192622DA9F00457C21 /* PBXContainerItemProxy */;
		};
		A2FEDE252622DA9F00457C21 /* PBXTargetDependency */ = {
			isa = PBXTargetDependency;
			target = A2FEDE012622DA9E00457C21 /* LocalGuideiOS */;
			targetProxy = A2FEDE242622DA9F00457C21 /* PBXContainerItemProxy */;
		};
/* End PBXTargetDependency section */

/* Begin PBXVariantGroup section */
		A2FEDE0B2622DA9E00457C21 /* Main.storyboard */ = {
			isa = PBXVariantGroup;
			children = (
				A2FEDE0C2622DA9E00457C21 /* Base */,
			);
			name = Main.storyboard;
			sourceTree = "<group>";
		};
		A2FEDE102622DA9F00457C21 /* LaunchScreen.storyboard */ = {
			isa = PBXVariantGroup;
			children = (
				A2FEDE112622DA9F00457C21 /* Base */,
			);
			name = LaunchScreen.storyboard;
			sourceTree = "<group>";
		};
/* End PBXVariantGroup section */

/* Begin XCBuildConfiguration section */
		A2FEDE2A2622DA9F00457C21 /* Debug */ = {
			isa = XCBuildConfiguration;
			buildSettings = {
				ALWAYS_SEARCH_USER_PATHS = NO;
				CLANG_ANALYZER_NONNULL = YES;
				CLANG_ANALYZER_NUMBER_OBJECT_CONVERSION = YES_AGGRESSIVE;
				CLANG_CXX_LANGUAGE_STANDARD = "gnu++14";
				CLANG_CXX_LIBRARY = "libc++";
				CLANG_ENABLE_MODULES = YES;
				CLANG_ENABLE_OBJC_ARC = YES;
				CLANG_ENABLE_OBJC_WEAK = YES;
				CLANG_WARN_BLOCK_CAPTURE_AUTORELEASING = YES;
				CLANG_WARN_BOOL_CONVERSION = YES;
				CLANG_WARN_COMMA = YES;
				CLANG_WARN_CONSTANT_CONVERSION = YES;
				CLANG_WARN_DEPRECATED_OBJC_IMPLEMENTATIONS = YES;
				CLANG_WARN_DIRECT_OBJC_ISA_USAGE = YES_ERROR;
				CLANG_WARN_DOCUMENTATION_COMMENTS = YES;
				CLANG_WARN_EMPTY_BODY = YES;
				CLANG_WARN_ENUM_CONVERSION = YES;
				CLANG_WARN_INFINITE_RECURSION = YES;
				CLANG_WARN_INT_CONVERSION = YES;
				CLANG_WARN_NON_LITERAL_NULL_CONVERSION = YES;
				CLANG_WARN_OBJC_IMPLICIT_RETAIN_SELF = YES;
				CLANG_WARN_OBJC_LITERAL_CONVERSION = YES;
				CLANG_WARN_OBJC_ROOT_CLASS = YES_ERROR;
				CLANG_WARN_QUOTED_INCLUDE_IN_FRAMEWORK_HEADER = YES;
				CLANG_WARN_RANGE_LOOP_ANALYSIS = YES;
				CLANG_WARN_STRICT_PROTOTYPES = YES;
				CLANG_WARN_SUSPICIOUS_MOVE = YES;
				CLANG_WARN_UNGUARDED_AVAILABILITY = YES_AGGRESSIVE;
				CLANG_WARN_UNREACHABLE_CODE = YES;
				CLANG_WARN__DUPLICATE_METHOD_MATCH = YES;
				COPY_PHASE_STRIP = NO;
				DEBUG_INFORMATION_FORMAT = dwarf;
				ENABLE_STRICT_OBJC_MSGSEND = YES;
				ENABLE_TESTABILITY = YES;
				GCC_C_LANGUAGE_STANDARD = gnu11;
				GCC_DYNAMIC_NO_PIC = NO;
				GCC_NO_COMMON_BLOCKS = YES;
				GCC_OPTIMIZATION_LEVEL = 0;
				GCC_PREPROCESSOR_DEFINITIONS = (
					"DEBUG=1",
					"$(inherited)",
				);
				GCC_WARN_64_TO_32_BIT_CONVERSION = YES;
				GCC_WARN_ABOUT_RETURN_TYPE = YES_ERROR;
				GCC_WARN_UNDECLARED_SELECTOR = YES;
				GCC_WARN_UNINITIALIZED_AUTOS = YES_AGGRESSIVE;
				GCC_WARN_UNUSED_FUNCTION = YES;
				GCC_WARN_UNUSED_VARIABLE = YES;
				IPHONEOS_DEPLOYMENT_TARGET = 14.3;
				MTL_ENABLE_DEBUG_INFO = INCLUDE_SOURCE;
				MTL_FAST_MATH = YES;
				ONLY_ACTIVE_ARCH = YES;
				SDKROOT = iphoneos;
				SWIFT_ACTIVE_COMPILATION_CONDITIONS = DEBUG;
				SWIFT_OPTIMIZATION_LEVEL = "-Onone";
			};
			name = Debug;
		};
		A2FEDE2B2622DA9F00457C21 /* Release */ = {
			isa = XCBuildConfiguration;
			buildSettings = {
				ALWAYS_SEARCH_USER_PATHS = NO;
				CLANG_ANALYZER_NONNULL = YES;
				CLANG_ANALYZER_NUMBER_OBJECT_CONVERSION = YES_AGGRESSIVE;
				CLANG_CXX_LANGUAGE_STANDARD = "gnu++14";
				CLANG_CXX_LIBRARY = "libc++";
				CLANG_ENABLE_MODULES = YES;
				CLANG_ENABLE_OBJC_ARC = YES;
				CLANG_ENABLE_OBJC_WEAK = YES;
				CLANG_WARN_BLOCK_CAPTURE_AUTORELEASING = YES;
				CLANG_WARN_BOOL_CONVERSION = YES;
				CLANG_WARN_COMMA = YES;
				CLANG_WARN_CONSTANT_CONVERSION = YES;
				CLANG_WARN_DEPRECATED_OBJC_IMPLEMENTATIONS = YES;
				CLANG_WARN_DIRECT_OBJC_ISA_USAGE = YES_ERROR;
				CLANG_WARN_DOCUMENTATION_COMMENTS = YES;
				CLANG_WARN_EMPTY_BODY = YES;
				CLANG_WARN_ENUM_CONVERSION = YES;
				CLANG_WARN_INFINITE_RECURSION = YES;
				CLANG_WARN_INT_CONVERSION = YES;
				CLANG_WARN_NON_LITERAL_NULL_CONVERSION = YES;
				CLANG_WARN_OBJC_IMPLICIT_RETAIN_SELF = YES;
				CLANG_WARN_OBJC_LITERAL_CONVERSION = YES;
				CLANG_WARN_OBJC_ROOT_CLASS = YES_ERROR;
				CLANG_WARN_QUOTED_INCLUDE_IN_FRAMEWORK_HEADER = YES;
				CLANG_WARN_RANGE_LOOP_ANALYSIS = YES;
				CLANG_WARN_STRICT_PROTOTYPES = YES;
				CLANG_WARN_SUSPICIOUS_MOVE = YES;
				CLANG_WARN_UNGUARDED_AVAILABILITY = YES_AGGRESSIVE;
				CLANG_WARN_UNREACHABLE_CODE = YES;
				CLANG_WARN__DUPLICATE_METHOD_MATCH = YES;
				COPY_PHASE_STRIP = NO;
				DEBUG_INFORMATION_FORMAT = "dwarf-with-dsym";
				ENABLE_NS_ASSERTIONS = NO;
				ENABLE_STRICT_OBJC_MSGSEND = YES;
				GCC_C_LANGUAGE_STANDARD = gnu11;
				GCC_NO_COMMON_BLOCKS = YES;
				GCC_WARN_64_TO_32_BIT_CONVERSION = YES;
				GCC_WARN_ABOUT_RETURN_TYPE = YES_ERROR;
				GCC_WARN_UNDECLARED_SELECTOR = YES;
				GCC_WARN_UNINITIALIZED_AUTOS = YES_AGGRESSIVE;
				GCC_WARN_UNUSED_FUNCTION = YES;
				GCC_WARN_UNUSED_VARIABLE = YES;
				IPHONEOS_DEPLOYMENT_TARGET = 14.3;
				MTL_ENABLE_DEBUG_INFO = NO;
				MTL_FAST_MATH = YES;
				SDKROOT = iphoneos;
				SWIFT_COMPILATION_MODE = wholemodule;
				SWIFT_OPTIMIZATION_LEVEL = "-O";
				VALIDATE_PRODUCT = YES;
			};
			name = Release;
		};
		A2FEDE2D2622DA9F00457C21 /* Debug */ = {
			isa = XCBuildConfiguration;
			buildSettings = {
				ASSETCATALOG_COMPILER_APPICON_NAME = AppIcon;
				ASSETCATALOG_COMPILER_GLOBAL_ACCENT_COLOR_NAME = AccentColor;
				CODE_SIGN_STYLE = Automatic;
				INFOPLIST_FILE = LocalGuideiOS/Info.plist;
				LD_RUNPATH_SEARCH_PATHS = (
					"$(inherited)",
					"@executable_path/Frameworks",
				);
				PRODUCT_BUNDLE_IDENTIFIER = dev.zhancheng.LocalGuideiOS;
				PRODUCT_NAME = "$(TARGET_NAME)";
				SWIFT_VERSION = 5.0;
				TARGETED_DEVICE_FAMILY = "1,2";
			};
			name = Debug;
		};
		A2FEDE2E2622DA9F00457C21 /* Release */ = {
			isa = XCBuildConfiguration;
			buildSettings = {
				ASSETCATALOG_COMPILER_APPICON_NAME = AppIcon;
				ASSETCATALOG_COMPILER_GLOBAL_ACCENT_COLOR_NAME = AccentColor;
				CODE_SIGN_STYLE = Automatic;
				INFOPLIST_FILE = LocalGuideiOS/Info.plist;
				LD_RUNPATH_SEARCH_PATHS = (
					"$(inherited)",
					"@executable_path/Frameworks",
				);
				PRODUCT_BUNDLE_IDENTIFIER = dev.zhancheng.LocalGuideiOS;
				PRODUCT_NAME = "$(TARGET_NAME)";
				SWIFT_VERSION = 5.0;
				TARGETED_DEVICE_FAMILY = "1,2";
			};
			name = Release;
		};
		A2FEDE302622DA9F00457C21 /* Debug */ = {
			isa = XCBuildConfiguration;
			buildSettings = {
				ALWAYS_EMBED_SWIFT_STANDARD_LIBRARIES = YES;
				BUNDLE_LOADER = "$(TEST_HOST)";
				CODE_SIGN_STYLE = Automatic;
				INFOPLIST_FILE = LocalGuideiOSTests/Info.plist;
				IPHONEOS_DEPLOYMENT_TARGET = 14.3;
				LD_RUNPATH_SEARCH_PATHS = (
					"$(inherited)",
					"@executable_path/Frameworks",
					"@loader_path/Frameworks",
				);
				PRODUCT_BUNDLE_IDENTIFIER = dev.zhancheng.LocalGuideiOSTests;
				PRODUCT_NAME = "$(TARGET_NAME)";
				SWIFT_VERSION = 5.0;
				TARGETED_DEVICE_FAMILY = "1,2";
				TEST_HOST = "$(BUILT_PRODUCTS_DIR)/LocalGuideiOS.app/LocalGuideiOS";
			};
			name = Debug;
		};
		A2FEDE312622DA9F00457C21 /* Release */ = {
			isa = XCBuildConfiguration;
			buildSettings = {
				ALWAYS_EMBED_SWIFT_STANDARD_LIBRARIES = YES;
				BUNDLE_LOADER = "$(TEST_HOST)";
				CODE_SIGN_STYLE = Automatic;
				INFOPLIST_FILE = LocalGuideiOSTests/Info.plist;
				IPHONEOS_DEPLOYMENT_TARGET = 14.3;
				LD_RUNPATH_SEARCH_PATHS = (
					"$(inherited)",
					"@executable_path/Frameworks",
					"@loader_path/Frameworks",
				);
				PRODUCT_BUNDLE_IDENTIFIER = dev.zhancheng.LocalGuideiOSTests;
				PRODUCT_NAME = "$(TARGET_NAME)";
				SWIFT_VERSION = 5.0;
				TARGETED_DEVICE_FAMILY = "1,2";
				TEST_HOST = "$(BUILT_PRODUCTS_DIR)/LocalGuideiOS.app/LocalGuideiOS";
			};
			name = Release;
		};
		A2FEDE332622DA9F00457C21 /* Debug */ = {
			isa = XCBuildConfiguration;
			buildSettings = {
				ALWAYS_EMBED_SWIFT_STANDARD_LIBRARIES = YES;
				CODE_SIGN_STYLE = Automatic;
				INFOPLIST_FILE = LocalGuideiOSUITests/Info.plist;
				LD_RUNPATH_SEARCH_PATHS = (
					"$(inherited)",
					"@executable_path/Frameworks",
					"@loader_path/Frameworks",
				);
				PRODUCT_BUNDLE_IDENTIFIER = dev.zhancheng.LocalGuideiOSUITests;
				PRODUCT_NAME = "$(TARGET_NAME)";
				SWIFT_VERSION = 5.0;
				TARGETED_DEVICE_FAMILY = "1,2";
				TEST_TARGET_NAME = LocalGuideiOS;
			};
			name = Debug;
		};
		A2FEDE342622DA9F00457C21 /* Release */ = {
			isa = XCBuildConfiguration;
			buildSettings = {
				ALWAYS_EMBED_SWIFT_STANDARD_LIBRARIES = YES;
				CODE_SIGN_STYLE = Automatic;
				INFOPLIST_FILE = LocalGuideiOSUITests/Info.plist;
				LD_RUNPATH_SEARCH_PATHS = (
					"$(inherited)",
					"@executable_path/Frameworks",
					"@loader_path/Frameworks",
				);
				PRODUCT_BUNDLE_IDENTIFIER = dev.zhancheng.LocalGuideiOSUITests;
				PRODUCT_NAME = "$(TARGET_NAME)";
				SWIFT_VERSION = 5.0;
				TARGETED_DEVICE_FAMILY = "1,2";
				TEST_TARGET_NAME = LocalGuideiOS;
			};
			name = Release;
		};
/* End XCBuildConfiguration section */

/* Begin XCConfigurationList section */
		A2FEDDFD2622DA9E00457C21 /* Build configuration list for PBXProject "LocalGuideiOS" */ = {
			isa = XCConfigurationList;
			buildConfigurations = (
				A2FEDE2A2622DA9F00457C21 /* Debug */,
				A2FEDE2B2622DA9F00457C21 /* Release */,
			);
			defaultConfigurationIsVisible = 0;
			defaultConfigurationName = Release;
		};
		A2FEDE2C2622DA9F00457C21 /* Build configuration list for PBXNativeTarget "LocalGuideiOS" */ = {
			isa = XCConfigurationList;
			buildConfigurations = (
				A2FEDE2D2622DA9F00457C21 /* Debug */,
				A2FEDE2E2622DA9F00457C21 /* Release */,
			);
			defaultConfigurationIsVisible = 0;
			defaultConfigurationName = Release;
		};
		A2FEDE2F2622DA9F00457C21 /* Build configuration list for PBXNativeTarget "LocalGuideiOSTests" */ = {
			isa = XCConfigurationList;
			buildConfigurations = (
				A2FEDE302622DA9F00457C21 /* Debug */,
				A2FEDE312622DA9F00457C21 /* Release */,
			);
			defaultConfigurationIsVisible = 0;
			defaultConfigurationName = Release;
		};
		A2FEDE322622DA9F00457C21 /* Build configuration list for PBXNativeTarget "LocalGuideiOSUITests" */ = {
			isa = XCConfigurationList;
			buildConfigurations = (
				A2FEDE332622DA9F00457C21 /* Debug */,
				A2FEDE342622DA9F00457C21 /* Release */,
			);
			defaultConfigurationIsVisible = 0;
			defaultConfigurationName = Release;
		};
/* End XCConfigurationList section */
	};
	rootObject = A2FEDDFA2622DA9E00457C21 /* Project object */;
}
